// !$*UTF8*$!
{
	archiveVersion = 1;
	classes = {
	};
	objectVersion = 46;
	objects = {

/* Begin PBXBuildFile section */
		9A8EB55A1C773ADD008AFE94 /* BLEDiscovery.m in Sources */ = {isa = PBXBuildFile; fileRef = 9A79EAEE182ADA7300F1983C /* BLEDiscovery.m */; };
		9A8EB55B1C773ADD008AFE94 /* BLEHelper.m in Sources */ = {isa = PBXBuildFile; fileRef = 9A79EAF0182ADA7300F1983C /* BLEHelper.m */; };
		9A8EB55C1C773ADD008AFE94 /* BLEService.m in Sources */ = {isa = PBXBuildFile; fileRef = 9A79EAF2182ADA7300F1983C /* BLEService.m */; };
		9A94F89E1C77289200395311 /* AppDelegate.swift in Sources */ = {isa = PBXBuildFile; fileRef = 9A94F89D1C77289200395311 /* AppDelegate.swift */; };
		9A94F8A01C77289200395311 /* ViewController.swift in Sources */ = {isa = PBXBuildFile; fileRef = 9A94F89F1C77289200395311 /* ViewController.swift */; };
		9A94F8A31C77289200395311 /* Main.storyboard in Resources */ = {isa = PBXBuildFile; fileRef = 9A94F8A11C77289200395311 /* Main.storyboard */; };
		9A94F8A51C77289200395311 /* Assets.xcassets in Resources */ = {isa = PBXBuildFile; fileRef = 9A94F8A41C77289200395311 /* Assets.xcassets */; };
		9A94F8A81C77289200395311 /* LaunchScreen.storyboard in Resources */ = {isa = PBXBuildFile; fileRef = 9A94F8A61C77289200395311 /* LaunchScreen.storyboard */; };
/* End PBXBuildFile section */

/* Begin PBXFileReference section */
		9A39649918AE666C0061E44B /* BLE-Prefix.pch */ = {isa = PBXFileReference; fileEncoding = 4; lastKnownFileType = sourcecode.c.h; name = "BLE-Prefix.pch"; path = "BLE/BLE-Prefix.pch"; sourceTree = SOURCE_ROOT; };
		9A79EAED182ADA7300F1983C /* BLEDiscovery.h */ = {isa = PBXFileReference; fileEncoding = 4; lastKnownFileType = sourcecode.c.h; name = BLEDiscovery.h; path = BLE/BLE/BLEDiscovery.h; sourceTree = SOURCE_ROOT; };
		9A79EAEE182ADA7300F1983C /* BLEDiscovery.m */ = {isa = PBXFileReference; fileEncoding = 4; lastKnownFileType = sourcecode.c.objc; name = BLEDiscovery.m; path = BLE/BLE/BLEDiscovery.m; sourceTree = SOURCE_ROOT; };
		9A79EAEF182ADA7300F1983C /* BLEHelper.h */ = {isa = PBXFileReference; fileEncoding = 4; lastKnownFileType = sourcecode.c.h; name = BLEHelper.h; path = BLE/BLE/BLEHelper.h; sourceTree = SOURCE_ROOT; };
		9A79EAF0182ADA7300F1983C /* BLEHelper.m */ = {isa = PBXFileReference; fileEncoding = 4; lastKnownFileType = sourcecode.c.objc; name = BLEHelper.m; path = BLE/BLE/BLEHelper.m; sourceTree = SOURCE_ROOT; };
		9A79EAF1182ADA7300F1983C /* BLEService.h */ = {isa = PBXFileReference; fileEncoding = 4; lastKnownFileType = sourcecode.c.h; name = BLEService.h; path = BLE/BLE/BLEService.h; sourceTree = SOURCE_ROOT; };
		9A79EAF2182ADA7300F1983C /* BLEService.m */ = {isa = PBXFileReference; fileEncoding = 4; lastKnownFileType = sourcecode.c.objc; name = BLEService.m; path = BLE/BLE/BLEService.m; sourceTree = SOURCE_ROOT; };
		9A94F89B1C77289200395311 /* BLEDemoDemo.app */ = {isa = PBXFileReference; explicitFileType = wrapper.application; includeInIndex = 0; path = BLEDemoDemo.app; sourceTree = BUILT_PRODUCTS_DIR; };
		9A94F89D1C77289200395311 /* AppDelegate.swift */ = {isa = PBXFileReference; lastKnownFileType = sourcecode.swift; path = AppDelegate.swift; sourceTree = "<group>"; };
		9A94F89F1C77289200395311 /* ViewController.swift */ = {isa = PBXFileReference; lastKnownFileType = sourcecode.swift; path = ViewController.swift; sourceTree = "<group>"; };
		9A94F8A21C77289200395311 /* Base */ = {isa = PBXFileReference; lastKnownFileType = file.storyboard; name = Base; path = Base.lproj/Main.storyboard; sourceTree = "<group>"; };
		9A94F8A41C77289200395311 /* Assets.xcassets */ = {isa = PBXFileReference; lastKnownFileType = folder.assetcatalog; path = Assets.xcassets; sourceTree = "<group>"; };
		9A94F8A71C77289200395311 /* Base */ = {isa = PBXFileReference; lastKnownFileType = file.storyboard; name = Base; path = Base.lproj/LaunchScreen.storyboard; sourceTree = "<group>"; };
		9A94F8A91C77289200395311 /* Info.plist */ = {isa = PBXFileReference; lastKnownFileType = text.plist.xml; path = Info.plist; sourceTree = "<group>"; };
		9A94F8AD1C772D9500395311 /* BLE-Bridging-Header.h */ = {isa = PBXFileReference; lastKnownFileType = sourcecode.c.h; path = "BLE-Bridging-Header.h"; sourceTree = "<group>"; };
		9AAF2782182AF01C00531E3A /* BLE.h */ = {isa = PBXFileReference; lastKnownFileType = sourcecode.c.h; name = BLE.h; path = BLE/BLE/BLE.h; sourceTree = SOURCE_ROOT; };
/* End PBXFileReference section */

/* Begin PBXFrameworksBuildPhase section */
		9A94F8981C77289200395311 /* Frameworks */ = {
			isa = PBXFrameworksBuildPhase;
			buildActionMask = 2147483647;
			files = (
			);
			runOnlyForDeploymentPostprocessing = 0;
		};
/* End PBXFrameworksBuildPhase section */

/* Begin PBXGroup section */
		9A17358D17B11D87001DD4A4 = {
			isa = PBXGroup;
			children = (
				9A94F89C1C77289200395311 /* BLEDemo */,
				9A17359B17B11D87001DD4A4 /* BLE Library */,
				9A17359717B11D87001DD4A4 /* Products */,
			);
			sourceTree = "<group>";
		};
		9A17359717B11D87001DD4A4 /* Products */ = {
			isa = PBXGroup;
			children = (
				9A94F89B1C77289200395311 /* BLEDemoDemo.app */,
			);
			name = Products;
			sourceTree = "<group>";
		};
		9A17359B17B11D87001DD4A4 /* BLE Library */ = {
			isa = PBXGroup;
			children = (
				9AAF2782182AF01C00531E3A /* BLE.h */,
				9A79EAED182ADA7300F1983C /* BLEDiscovery.h */,
				9A79EAEE182ADA7300F1983C /* BLEDiscovery.m */,
				9A79EAEF182ADA7300F1983C /* BLEHelper.h */,
				9A79EAF0182ADA7300F1983C /* BLEHelper.m */,
				9A79EAF1182ADA7300F1983C /* BLEService.h */,
				9A79EAF2182ADA7300F1983C /* BLEService.m */,
				9A17359C17B11D87001DD4A4 /* Supporting Files */,
			);
			name = "BLE Library";
			path = BLEFirmata;
			sourceTree = "<group>";
		};
		9A17359C17B11D87001DD4A4 /* Supporting Files */ = {
			isa = PBXGroup;
			children = (
				9A39649918AE666C0061E44B /* BLE-Prefix.pch */,
			);
			name = "Supporting Files";
			sourceTree = "<group>";
		};
		9A94F89C1C77289200395311 /* BLEDemo */ = {
			isa = PBXGroup;
			children = (
				9A94F89D1C77289200395311 /* AppDelegate.swift */,
				9A94F89F1C77289200395311 /* ViewController.swift */,
				9A94F8A11C77289200395311 /* Main.storyboard */,
				9A94F8A41C77289200395311 /* Assets.xcassets */,
				9A94F8A61C77289200395311 /* LaunchScreen.storyboard */,
				9A94F8A91C77289200395311 /* Info.plist */,
				9A94F8AD1C772D9500395311 /* BLE-Bridging-Header.h */,
			);
			path = BLEDemo;
			sourceTree = "<group>";
		};
/* End PBXGroup section */

/* Begin PBXNativeTarget section */
		9A94F89A1C77289200395311 /* BLEDemoDemo */ = {
			isa = PBXNativeTarget;
			buildConfigurationList = 9A94F8AC1C77289200395311 /* Build configuration list for PBXNativeTarget "BLEDemoDemo" */;
			buildPhases = (
				9A94F8971C77289200395311 /* Sources */,
				9A94F8981C77289200395311 /* Frameworks */,
				9A94F8991C77289200395311 /* Resources */,
			);
			buildRules = (
			);
			dependencies = (
			);
			name = BLEDemoDemo;
			productName = BLEDemo;
			productReference = 9A94F89B1C77289200395311 /* BLEDemoDemo.app */;
			productType = "com.apple.product-type.application";
		};
/* End PBXNativeTarget section */

/* Begin PBXProject section */
		9A17358E17B11D87001DD4A4 /* Project object */ = {
			isa = PBXProject;
			attributes = {
				LastSwiftUpdateCheck = 0720;
				LastUpgradeCheck = 0720;
				ORGANIZATIONNAME = TUM;
				TargetAttributes = {
					9A94F89A1C77289200395311 = {
						CreatedOnToolsVersion = 7.2.1;
						DevelopmentTeam = WCM2L8RG39;
					};
				};
			};
			buildConfigurationList = 9A17359117B11D87001DD4A4 /* Build configuration list for PBXProject "BLEDemo" */;
			compatibilityVersion = "Xcode 3.2";
			developmentRegion = English;
			hasScannedForEncodings = 0;
			knownRegions = (
				en,
				Base,
			);
			mainGroup = 9A17358D17B11D87001DD4A4;
			productRefGroup = 9A17359717B11D87001DD4A4 /* Products */;
			projectDirPath = "";
			projectRoot = "";
			targets = (
				9A94F89A1C77289200395311 /* BLEDemoDemo */,
			);
		};
/* End PBXProject section */

/* Begin PBXResourcesBuildPhase section */
		9A94F8991C77289200395311 /* Resources */ = {
			isa = PBXResourcesBuildPhase;
			buildActionMask = 2147483647;
			files = (
				9A94F8A81C77289200395311 /* LaunchScreen.storyboard in Resources */,
				9A94F8A51C77289200395311 /* Assets.xcassets in Resources */,
				9A94F8A31C77289200395311 /* Main.storyboard in Resources */,
			);
			runOnlyForDeploymentPostprocessing = 0;
		};
/* End PBXResourcesBuildPhase section */

/* Begin PBXSourcesBuildPhase section */
		9A94F8971C77289200395311 /* Sources */ = {
			isa = PBXSourcesBuildPhase;
			buildActionMask = 2147483647;
			files = (
				9A8EB55A1C773ADD008AFE94 /* BLEDiscovery.m in Sources */,
				9A8EB55B1C773ADD008AFE94 /* BLEHelper.m in Sources */,
				9A94F8A01C77289200395311 /* ViewController.swift in Sources */,
				9A94F89E1C77289200395311 /* AppDelegate.swift in Sources */,
				9A8EB55C1C773ADD008AFE94 /* BLEService.m in Sources */,
			);
			runOnlyForDeploymentPostprocessing = 0;
		};
/* End PBXSourcesBuildPhase section */

/* Begin PBXVariantGroup section */
		9A94F8A11C77289200395311 /* Main.storyboard */ = {
			isa = PBXVariantGroup;
			children = (
				9A94F8A21C77289200395311 /* Base */,
			);
			name = Main.storyboard;
			sourceTree = "<group>";
		};
		9A94F8A61C77289200395311 /* LaunchScreen.storyboard */ = {
			isa = PBXVariantGroup;
			children = (
				9A94F8A71C77289200395311 /* Base */,
			);
			name = LaunchScreen.storyboard;
			sourceTree = "<group>";
		};
/* End PBXVariantGroup section */

/* Begin XCBuildConfiguration section */
		9A1735A217B11D87001DD4A4 /* Debug */ = {
			isa = XCBuildConfiguration;
			buildSettings = {
				ALWAYS_SEARCH_USER_PATHS = NO;
				CLANG_CXX_LANGUAGE_STANDARD = "gnu++0x";
				CLANG_CXX_LIBRARY = "libc++";
				CLANG_ENABLE_OBJC_ARC = YES;
				CLANG_WARN_CONSTANT_CONVERSION = YES;
				CLANG_WARN_EMPTY_BODY = YES;
				CLANG_WARN_ENUM_CONVERSION = YES;
				CLANG_WARN_INT_CONVERSION = YES;
				CLANG_WARN__DUPLICATE_METHOD_MATCH = YES;
				CODE_SIGN_IDENTITY = "iPhone Developer: Juan Haladjian (R8WD52EGG5)";
				COPY_PHASE_STRIP = NO;
				ENABLE_TESTABILITY = YES;
				GCC_C_LANGUAGE_STANDARD = gnu99;
				GCC_DYNAMIC_NO_PIC = NO;
				GCC_OPTIMIZATION_LEVEL = 0;
				GCC_PREPROCESSOR_DEFINITIONS = (
					"DEBUG=1",
					"$(inherited)",
				);
				GCC_SYMBOLS_PRIVATE_EXTERN = NO;
				GCC_WARN_ABOUT_RETURN_TYPE = YES;
				GCC_WARN_UNINITIALIZED_AUTOS = YES;
				GCC_WARN_UNUSED_VARIABLE = YES;
				IPHONEOS_DEPLOYMENT_TARGET = 6.1;
				ONLY_ACTIVE_ARCH = YES;
				SDKROOT = iphoneos;
				SKIP_INSTALL = YES;
				TARGETED_DEVICE_FAMILY = "1,2";
			};
			name = Debug;
		};
		9A1735A317B11D87001DD4A4 /* Release */ = {
			isa = XCBuildConfiguration;
			buildSettings = {
				ALWAYS_SEARCH_USER_PATHS = NO;
				CLANG_CXX_LANGUAGE_STANDARD = "gnu++0x";
				CLANG_CXX_LIBRARY = "libc++";
				CLANG_ENABLE_OBJC_ARC = YES;
				CLANG_WARN_CONSTANT_CONVERSION = YES;
				CLANG_WARN_EMPTY_BODY = YES;
				CLANG_WARN_ENUM_CONVERSION = YES;
				CLANG_WARN_INT_CONVERSION = YES;
				CLANG_WARN__DUPLICATE_METHOD_MATCH = YES;
				CODE_SIGN_IDENTITY = "iPhone Developer: Juan Haladjian (R8WD52EGG5)";
				COPY_PHASE_STRIP = YES;
				GCC_C_LANGUAGE_STANDARD = gnu99;
				GCC_WARN_ABOUT_RETURN_TYPE = YES;
				GCC_WARN_UNINITIALIZED_AUTOS = YES;
				GCC_WARN_UNUSED_VARIABLE = YES;
				IPHONEOS_DEPLOYMENT_TARGET = 6.1;
				SDKROOT = iphoneos;
				SKIP_INSTALL = YES;
				TARGETED_DEVICE_FAMILY = "1,2";
				VALIDATE_PRODUCT = YES;
			};
			name = Release;
		};
		9A94F8AA1C77289200395311 /* Debug */ = {
			isa = XCBuildConfiguration;
			buildSettings = {
				ASSETCATALOG_COMPILER_APPICON_NAME = AppIcon;
				CLANG_ENABLE_MODULES = YES;
				CLANG_WARN_BOOL_CONVERSION = YES;
				CLANG_WARN_DIRECT_OBJC_ISA_USAGE = YES_ERROR;
				CLANG_WARN_OBJC_ROOT_CLASS = YES_ERROR;
				CLANG_WARN_UNREACHABLE_CODE = YES;
				CODE_SIGN_IDENTITY = "iPhone Developer";
				"CODE_SIGN_IDENTITY[sdk=iphoneos*]" = "iPhone Developer";
				DEBUG_INFORMATION_FORMAT = dwarf;
				ENABLE_STRICT_OBJC_MSGSEND = YES;
				ENABLE_TESTABILITY = YES;
				GCC_NO_COMMON_BLOCKS = YES;
				GCC_WARN_64_TO_32_BIT_CONVERSION = YES;
				GCC_WARN_ABOUT_RETURN_TYPE = YES_ERROR;
				GCC_WARN_UNDECLARED_SELECTOR = YES;
				GCC_WARN_UNINITIALIZED_AUTOS = YES_AGGRESSIVE;
				GCC_WARN_UNUSED_FUNCTION = YES;
				INFOPLIST_FILE = BLEDemo/Info.plist;
				IPHONEOS_DEPLOYMENT_TARGET = 9.2;
				LD_RUNPATH_SEARCH_PATHS = "$(inherited) @executable_path/Frameworks";
				MTL_ENABLE_DEBUG_INFO = YES;
				PRODUCT_BUNDLE_IDENTIFIER = de.tum.in.www1.BLEDemo;
				PRODUCT_NAME = BLEDemoDemo;
				PROVISIONING_PROFILE = "";
				SWIFT_OBJC_BRIDGING_HEADER = "$(SRCROOT)/$(PROJECT_NAME)/BLE-Bridging-Header.h";
				SWIFT_OPTIMIZATION_LEVEL = "-Onone";
			};
			name = Debug;
		};
		9A94F8AB1C77289200395311 /* Release */ = {
			isa = XCBuildConfiguration;
			buildSettings = {
				ASSETCATALOG_COMPILER_APPICON_NAME = AppIcon;
				CLANG_ENABLE_MODULES = YES;
				CLANG_WARN_BOOL_CONVERSION = YES;
				CLANG_WARN_DIRECT_OBJC_ISA_USAGE = YES_ERROR;
				CLANG_WARN_OBJC_ROOT_CLASS = YES_ERROR;
				CLANG_WARN_UNREACHABLE_CODE = YES;
				CODE_SIGN_IDENTITY = "iPhone Developer";
				"CODE_SIGN_IDENTITY[sdk=iphoneos*]" = "iPhone Developer";
				COPY_PHASE_STRIP = NO;
				DEBUG_INFORMATION_FORMAT = "dwarf-with-dsym";
				ENABLE_NS_ASSERTIONS = NO;
				ENABLE_STRICT_OBJC_MSGSEND = YES;
				GCC_NO_COMMON_BLOCKS = YES;
				GCC_WARN_64_TO_32_BIT_CONVERSION = YES;
				GCC_WARN_ABOUT_RETURN_TYPE = YES_ERROR;
				GCC_WARN_UNDECLARED_SELECTOR = YES;
				GCC_WARN_UNINITIALIZED_AUTOS = YES_AGGRESSIVE;
				GCC_WARN_UNUSED_FUNCTION = YES;
				INFOPLIST_FILE = BLEDemo/Info.plist;
				IPHONEOS_DEPLOYMENT_TARGET = 9.2;
				LD_RUNPATH_SEARCH_PATHS = "$(inherited) @executable_path/Frameworks";
				MTL_ENABLE_DEBUG_INFO = NO;
				PRODUCT_BUNDLE_IDENTIFIER = de.tum.in.www1.BLEDemo;
				PRODUCT_NAME = BLEDemoDemo;
				PROVISIONING_PROFILE = "";
				SWIFT_OBJC_BRIDGING_HEADER = "$(SRCROOT)/$(PROJECT_NAME)/BLE-Bridging-Header.h";
			};
			name = Release;
		};
/* End XCBuildConfiguration section */

/* Begin XCConfigurationList section */
		9A17359117B11D87001DD4A4 /* Build configuration list for PBXProject "BLEDemo" */ = {
			isa = XCConfigurationList;
			buildConfigurations = (
				9A1735A217B11D87001DD4A4 /* Debug */,
				9A1735A317B11D87001DD4A4 /* Release */,
			);
			defaultConfigurationIsVisible = 0;
			defaultConfigurationName = Release;
		};
		9A94F8AC1C77289200395311 /* Build configuration list for PBXNativeTarget "BLEDemoDemo" */ = {
			isa = XCConfigurationList;
			buildConfigurations = (
				9A94F8AA1C77289200395311 /* Debug */,
				9A94F8AB1C77289200395311 /* Release */,
			);
			defaultConfigurationIsVisible = 0;
			defaultConfigurationName = Release;
		};
/* End XCConfigurationList section */
	};
	rootObject = 9A17358E17B11D87001DD4A4 /* Project object */;
}
