// !$*UTF8*$!
{
	archiveVersion = 1;
	classes = {
	};
	objectVersion = 46;
	objects = {

/* Begin PBXBuildFile section */
		9A2CAD47182C4664002AB9E8 /* libGMP.a in Frameworks */ = {isa = PBXBuildFile; fileRef = 9A2CAD42182C4659002AB9E8 /* libGMP.a */; };
		9A2CAE43182CDC1B002AB9E8 /* arrowDown.png in Resources */ = {isa = PBXBuildFile; fileRef = 9A2CAE3C182CDC1B002AB9E8 /* arrowDown.png */; };
		9A2CAE44182CDC1B002AB9E8 /* arrowUp.png in Resources */ = {isa = PBXBuildFile; fileRef = 9A2CAE3D182CDC1B002AB9E8 /* arrowUp.png */; };
		9A2CAE45182CDC1B002AB9E8 /* optionsMenu.png in Resources */ = {isa = PBXBuildFile; fileRef = 9A2CAE3E182CDC1B002AB9E8 /* optionsMenu.png */; };
		9A2CAE46182CDC1B002AB9E8 /* optionsMenu@2x.png in Resources */ = {isa = PBXBuildFile; fileRef = 9A2CAE3F182CDC1B002AB9E8 /* optionsMenu@2x.png */; };
		9A2CAE47182CDC1B002AB9E8 /* pullDown.wav in Resources */ = {isa = PBXBuildFile; fileRef = 9A2CAE40182CDC1B002AB9E8 /* pullDown.wav */; };
		9A2CAE48182CDC1B002AB9E8 /* pullUp.wav in Resources */ = {isa = PBXBuildFile; fileRef = 9A2CAE41182CDC1B002AB9E8 /* pullUp.wav */; };
		9A2CAE49182CDC1B002AB9E8 /* Storyboard.storyboard in Resources */ = {isa = PBXBuildFile; fileRef = 9A2CAE42182CDC1B002AB9E8 /* Storyboard.storyboard */; };
		9A2CAE85182CE860002AB9E8 /* GMPAppDelegate.m in Sources */ = {isa = PBXBuildFile; fileRef = 9A2CAE69182CE860002AB9E8 /* GMPAppDelegate.m */; };
		9A2CAE86182CE860002AB9E8 /* GMPBLECommunicationModule.m in Sources */ = {isa = PBXBuildFile; fileRef = 9A2CAE6B182CE860002AB9E8 /* GMPBLECommunicationModule.m */; };
		9A2CAE87182CE860002AB9E8 /* GMPDeviceCell.m in Sources */ = {isa = PBXBuildFile; fileRef = 9A2CAE6D182CE860002AB9E8 /* GMPDeviceCell.m */; };
		9A2CAE88182CE860002AB9E8 /* GMPDeviceMenuViewController.m in Sources */ = {isa = PBXBuildFile; fileRef = 9A2CAE6F182CE860002AB9E8 /* GMPDeviceMenuViewController.m */; };
		9A2CAE89182CE860002AB9E8 /* GMPI2CComponentCell.m in Sources */ = {isa = PBXBuildFile; fileRef = 9A2CAE71182CE860002AB9E8 /* GMPI2CComponentCell.m */; };
		9A2CAE8A182CE860002AB9E8 /* GMPI2CComponentViewController.m in Sources */ = {isa = PBXBuildFile; fileRef = 9A2CAE73182CE860002AB9E8 /* GMPI2CComponentViewController.m */; };
		9A2CAE8B182CE860002AB9E8 /* GMPI2CRegisterViewController.m in Sources */ = {isa = PBXBuildFile; fileRef = 9A2CAE75182CE860002AB9E8 /* GMPI2CRegisterViewController.m */; };
		9A2CAE8C182CE860002AB9E8 /* GMPMainViewController.m in Sources */ = {isa = PBXBuildFile; fileRef = 9A2CAE77182CE860002AB9E8 /* GMPMainViewController.m */; };
		9A2CAE8D182CE860002AB9E8 /* GMPPin.m in Sources */ = {isa = PBXBuildFile; fileRef = 9A2CAE79182CE860002AB9E8 /* GMPPin.m */; };
		9A2CAE8E182CE860002AB9E8 /* GMPPinCell.m in Sources */ = {isa = PBXBuildFile; fileRef = 9A2CAE7B182CE860002AB9E8 /* GMPPinCell.m */; };
		9A2CAE8F182CE860002AB9E8 /* GMPPinsController.m in Sources */ = {isa = PBXBuildFile; fileRef = 9A2CAE7D182CE860002AB9E8 /* GMPPinsController.m */; };
		9A2CAE90182CE860002AB9E8 /* GMPViewController.m in Sources */ = {isa = PBXBuildFile; fileRef = 9A2CAE7F182CE860002AB9E8 /* GMPViewController.m */; };
		9A2CAE91182CE860002AB9E8 /* GMPConstants.m in Sources */ = {isa = PBXBuildFile; fileRef = 9A2CAE82182CE860002AB9E8 /* GMPConstants.m */; };
		9A2CAE92182CE860002AB9E8 /* GMPHelper.m in Sources */ = {isa = PBXBuildFile; fileRef = 9A2CAE84182CE860002AB9E8 /* GMPHelper.m */; };
		9AAF27B9182AF96E00531E3A /* Foundation.framework in Frameworks */ = {isa = PBXBuildFile; fileRef = 9AAF27B8182AF96E00531E3A /* Foundation.framework */; };
		9AAF27BB182AF96E00531E3A /* CoreGraphics.framework in Frameworks */ = {isa = PBXBuildFile; fileRef = 9AAF27BA182AF96E00531E3A /* CoreGraphics.framework */; };
		9AAF27BD182AF96E00531E3A /* UIKit.framework in Frameworks */ = {isa = PBXBuildFile; fileRef = 9AAF27BC182AF96E00531E3A /* UIKit.framework */; };
		9AAF27C3182AF96E00531E3A /* InfoPlist.strings in Resources */ = {isa = PBXBuildFile; fileRef = 9AAF27C1182AF96E00531E3A /* InfoPlist.strings */; };
		9AAF27C5182AF96E00531E3A /* main.m in Sources */ = {isa = PBXBuildFile; fileRef = 9AAF27C4182AF96E00531E3A /* main.m */; };
		9AAF27CB182AF96E00531E3A /* Images.xcassets in Resources */ = {isa = PBXBuildFile; fileRef = 9AAF27CA182AF96E00531E3A /* Images.xcassets */; };
		9AAF27F8182AFB4B00531E3A /* libBLE.a in Frameworks */ = {isa = PBXBuildFile; fileRef = 9AAF27EC182AF97E00531E3A /* libBLE.a */; };
		9AAF27FA182AFB5800531E3A /* CoreBluetooth.framework in Frameworks */ = {isa = PBXBuildFile; fileRef = 9AAF27F9182AFB5800531E3A /* CoreBluetooth.framework */; };
		9AAF2857182BAE9800531E3A /* GMPI2CComponent.m in Sources */ = {isa = PBXBuildFile; fileRef = 9AAF2852182BAE9800531E3A /* GMPI2CComponent.m */; };
		9AAF2858182BAE9800531E3A /* GMPI2CRegister.m in Sources */ = {isa = PBXBuildFile; fileRef = 9AAF2854182BAE9800531E3A /* GMPI2CRegister.m */; };
/* End PBXBuildFile section */

/* Begin PBXContainerItemProxy section */
		9A2CAD41182C4659002AB9E8 /* PBXContainerItemProxy */ = {
			isa = PBXContainerItemProxy;
			containerPortal = 9A2CAD3C182C4659002AB9E8 /* GMP.xcodeproj */;
			proxyType = 2;
			remoteGlobalIDString = 9A2CAD0B182C4624002AB9E8;
			remoteInfo = GMP;
		};
		9A2CAD43182C4659002AB9E8 /* PBXContainerItemProxy */ = {
			isa = PBXContainerItemProxy;
			containerPortal = 9A2CAD3C182C4659002AB9E8 /* GMP.xcodeproj */;
			proxyType = 2;
			remoteGlobalIDString = 9A2CAD1B182C4624002AB9E8;
			remoteInfo = GMPTests;
		};
		9A2CAD45182C4661002AB9E8 /* PBXContainerItemProxy */ = {
			isa = PBXContainerItemProxy;
			containerPortal = 9A2CAD3C182C4659002AB9E8 /* GMP.xcodeproj */;
			proxyType = 1;
			remoteGlobalIDString = 9A2CAD0A182C4624002AB9E8;
			remoteInfo = GMP;
		};
		9AAF27EB182AF97E00531E3A /* PBXContainerItemProxy */ = {
			isa = PBXContainerItemProxy;
			containerPortal = 9AAF27E7182AF97E00531E3A /* BLE.xcodeproj */;
			proxyType = 2;
			remoteGlobalIDString = 9A17359617B11D87001DD4A4;
			remoteInfo = BLE;
		};
		9AAF27F6182AFB4800531E3A /* PBXContainerItemProxy */ = {
			isa = PBXContainerItemProxy;
			containerPortal = 9AAF27E7182AF97E00531E3A /* BLE.xcodeproj */;
			proxyType = 1;
			remoteGlobalIDString = 9A17359517B11D87001DD4A4;
			remoteInfo = BLE;
		};
/* End PBXContainerItemProxy section */

/* Begin PBXFileReference section */
		9A2CAD3C182C4659002AB9E8 /* GMP.xcodeproj */ = {isa = PBXFileReference; lastKnownFileType = "wrapper.pb-project"; name = GMP.xcodeproj; path = ../Frameworks/GMP/GMP.xcodeproj; sourceTree = "<group>"; };
		9A2CAE3C182CDC1B002AB9E8 /* arrowDown.png */ = {isa = PBXFileReference; lastKnownFileType = image.png; path = arrowDown.png; sourceTree = "<group>"; };
		9A2CAE3D182CDC1B002AB9E8 /* arrowUp.png */ = {isa = PBXFileReference; lastKnownFileType = image.png; path = arrowUp.png; sourceTree = "<group>"; };
		9A2CAE3E182CDC1B002AB9E8 /* optionsMenu.png */ = {isa = PBXFileReference; lastKnownFileType = image.png; path = optionsMenu.png; sourceTree = "<group>"; };
		9A2CAE3F182CDC1B002AB9E8 /* optionsMenu@2x.png */ = {isa = PBXFileReference; lastKnownFileType = image.png; path = "optionsMenu@2x.png"; sourceTree = "<group>"; };
		9A2CAE40182CDC1B002AB9E8 /* pullDown.wav */ = {isa = PBXFileReference; lastKnownFileType = audio.wav; path = pullDown.wav; sourceTree = "<group>"; };
		9A2CAE41182CDC1B002AB9E8 /* pullUp.wav */ = {isa = PBXFileReference; lastKnownFileType = audio.wav; path = pullUp.wav; sourceTree = "<group>"; };
		9A2CAE42182CDC1B002AB9E8 /* Storyboard.storyboard */ = {isa = PBXFileReference; fileEncoding = 4; lastKnownFileType = file.storyboard; path = Storyboard.storyboard; sourceTree = "<group>"; };
		9A2CAE68182CE860002AB9E8 /* GMPAppDelegate.h */ = {isa = PBXFileReference; fileEncoding = 4; lastKnownFileType = sourcecode.c.h; path = GMPAppDelegate.h; sourceTree = "<group>"; };
		9A2CAE69182CE860002AB9E8 /* GMPAppDelegate.m */ = {isa = PBXFileReference; fileEncoding = 4; lastKnownFileType = sourcecode.c.objc; path = GMPAppDelegate.m; sourceTree = "<group>"; };
		9A2CAE6A182CE860002AB9E8 /* GMPBLECommunicationModule.h */ = {isa = PBXFileReference; fileEncoding = 4; lastKnownFileType = sourcecode.c.h; path = GMPBLECommunicationModule.h; sourceTree = "<group>"; };
		9A2CAE6B182CE860002AB9E8 /* GMPBLECommunicationModule.m */ = {isa = PBXFileReference; fileEncoding = 4; lastKnownFileType = sourcecode.c.objc; path = GMPBLECommunicationModule.m; sourceTree = "<group>"; };
		9A2CAE6C182CE860002AB9E8 /* GMPDeviceCell.h */ = {isa = PBXFileReference; fileEncoding = 4; lastKnownFileType = sourcecode.c.h; path = GMPDeviceCell.h; sourceTree = "<group>"; };
		9A2CAE6D182CE860002AB9E8 /* GMPDeviceCell.m */ = {isa = PBXFileReference; fileEncoding = 4; lastKnownFileType = sourcecode.c.objc; path = GMPDeviceCell.m; sourceTree = "<group>"; };
		9A2CAE6E182CE860002AB9E8 /* GMPDeviceMenuViewController.h */ = {isa = PBXFileReference; fileEncoding = 4; lastKnownFileType = sourcecode.c.h; path = GMPDeviceMenuViewController.h; sourceTree = "<group>"; };
		9A2CAE6F182CE860002AB9E8 /* GMPDeviceMenuViewController.m */ = {isa = PBXFileReference; fileEncoding = 4; lastKnownFileType = sourcecode.c.objc; path = GMPDeviceMenuViewController.m; sourceTree = "<group>"; };
		9A2CAE70182CE860002AB9E8 /* GMPI2CComponentCell.h */ = {isa = PBXFileReference; fileEncoding = 4; lastKnownFileType = sourcecode.c.h; path = GMPI2CComponentCell.h; sourceTree = "<group>"; };
		9A2CAE71182CE860002AB9E8 /* GMPI2CComponentCell.m */ = {isa = PBXFileReference; fileEncoding = 4; lastKnownFileType = sourcecode.c.objc; path = GMPI2CComponentCell.m; sourceTree = "<group>"; };
		9A2CAE72182CE860002AB9E8 /* GMPI2CComponentViewController.h */ = {isa = PBXFileReference; fileEncoding = 4; lastKnownFileType = sourcecode.c.h; path = GMPI2CComponentViewController.h; sourceTree = "<group>"; };
		9A2CAE73182CE860002AB9E8 /* GMPI2CComponentViewController.m */ = {isa = PBXFileReference; fileEncoding = 4; lastKnownFileType = sourcecode.c.objc; path = GMPI2CComponentViewController.m; sourceTree = "<group>"; };
		9A2CAE74182CE860002AB9E8 /* GMPI2CRegisterViewController.h */ = {isa = PBXFileReference; fileEncoding = 4; lastKnownFileType = sourcecode.c.h; path = GMPI2CRegisterViewController.h; sourceTree = "<group>"; };
		9A2CAE75182CE860002AB9E8 /* GMPI2CRegisterViewController.m */ = {isa = PBXFileReference; fileEncoding = 4; lastKnownFileType = sourcecode.c.objc; path = GMPI2CRegisterViewController.m; sourceTree = "<group>"; };
		9A2CAE76182CE860002AB9E8 /* GMPMainViewController.h */ = {isa = PBXFileReference; fileEncoding = 4; lastKnownFileType = sourcecode.c.h; path = GMPMainViewController.h; sourceTree = "<group>"; };
		9A2CAE77182CE860002AB9E8 /* GMPMainViewController.m */ = {isa = PBXFileReference; fileEncoding = 4; lastKnownFileType = sourcecode.c.objc; path = GMPMainViewController.m; sourceTree = "<group>"; };
		9A2CAE78182CE860002AB9E8 /* GMPPin.h */ = {isa = PBXFileReference; fileEncoding = 4; lastKnownFileType = sourcecode.c.h; path = GMPPin.h; sourceTree = "<group>"; };
		9A2CAE79182CE860002AB9E8 /* GMPPin.m */ = {isa = PBXFileReference; fileEncoding = 4; lastKnownFileType = sourcecode.c.objc; path = GMPPin.m; sourceTree = "<group>"; };
		9A2CAE7A182CE860002AB9E8 /* GMPPinCell.h */ = {isa = PBXFileReference; fileEncoding = 4; lastKnownFileType = sourcecode.c.h; path = GMPPinCell.h; sourceTree = "<group>"; };
		9A2CAE7B182CE860002AB9E8 /* GMPPinCell.m */ = {isa = PBXFileReference; fileEncoding = 4; lastKnownFileType = sourcecode.c.objc; path = GMPPinCell.m; sourceTree = "<group>"; };
		9A2CAE7C182CE860002AB9E8 /* GMPPinsController.h */ = {isa = PBXFileReference; fileEncoding = 4; lastKnownFileType = sourcecode.c.h; path = GMPPinsController.h; sourceTree = "<group>"; };
		9A2CAE7D182CE860002AB9E8 /* GMPPinsController.m */ = {isa = PBXFileReference; fileEncoding = 4; lastKnownFileType = sourcecode.c.objc; path = GMPPinsController.m; sourceTree = "<group>"; };
		9A2CAE7E182CE860002AB9E8 /* GMPViewController.h */ = {isa = PBXFileReference; fileEncoding = 4; lastKnownFileType = sourcecode.c.h; path = GMPViewController.h; sourceTree = "<group>"; };
		9A2CAE7F182CE860002AB9E8 /* GMPViewController.m */ = {isa = PBXFileReference; fileEncoding = 4; lastKnownFileType = sourcecode.c.objc; path = GMPViewController.m; sourceTree = "<group>"; };
		9A2CAE81182CE860002AB9E8 /* GMPConstants.h */ = {isa = PBXFileReference; fileEncoding = 4; lastKnownFileType = sourcecode.c.h; path = GMPConstants.h; sourceTree = "<group>"; };
		9A2CAE82182CE860002AB9E8 /* GMPConstants.m */ = {isa = PBXFileReference; fileEncoding = 4; lastKnownFileType = sourcecode.c.objc; path = GMPConstants.m; sourceTree = "<group>"; };
		9A2CAE83182CE860002AB9E8 /* GMPHelper.h */ = {isa = PBXFileReference; fileEncoding = 4; lastKnownFileType = sourcecode.c.h; path = GMPHelper.h; sourceTree = "<group>"; };
		9A2CAE84182CE860002AB9E8 /* GMPHelper.m */ = {isa = PBXFileReference; fileEncoding = 4; lastKnownFileType = sourcecode.c.objc; path = GMPHelper.m; sourceTree = "<group>"; };
		9AAF27B5182AF96E00531E3A /* iGMP.app */ = {isa = PBXFileReference; explicitFileType = wrapper.application; includeInIndex = 0; path = iGMP.app; sourceTree = BUILT_PRODUCTS_DIR; };
		9AAF27B8182AF96E00531E3A /* Foundation.framework */ = {isa = PBXFileReference; lastKnownFileType = wrapper.framework; name = Foundation.framework; path = System/Library/Frameworks/Foundation.framework; sourceTree = SDKROOT; };
		9AAF27BA182AF96E00531E3A /* CoreGraphics.framework */ = {isa = PBXFileReference; lastKnownFileType = wrapper.framework; name = CoreGraphics.framework; path = System/Library/Frameworks/CoreGraphics.framework; sourceTree = SDKROOT; };
		9AAF27BC182AF96E00531E3A /* UIKit.framework */ = {isa = PBXFileReference; lastKnownFileType = wrapper.framework; name = UIKit.framework; path = System/Library/Frameworks/UIKit.framework; sourceTree = SDKROOT; };
		9AAF27C0182AF96E00531E3A /* iGMP-Info.plist */ = {isa = PBXFileReference; lastKnownFileType = text.plist.xml; path = "iGMP-Info.plist"; sourceTree = "<group>"; };
		9AAF27C2182AF96E00531E3A /* en */ = {isa = PBXFileReference; lastKnownFileType = text.plist.strings; name = en; path = en.lproj/InfoPlist.strings; sourceTree = "<group>"; };
		9AAF27C4182AF96E00531E3A /* main.m */ = {isa = PBXFileReference; lastKnownFileType = sourcecode.c.objc; path = main.m; sourceTree = "<group>"; };
		9AAF27C6182AF96E00531E3A /* iGMP-Prefix.pch */ = {isa = PBXFileReference; lastKnownFileType = sourcecode.c.h; path = "iGMP-Prefix.pch"; sourceTree = "<group>"; };
		9AAF27CA182AF96E00531E3A /* Images.xcassets */ = {isa = PBXFileReference; lastKnownFileType = folder.assetcatalog; path = Images.xcassets; sourceTree = "<group>"; };
		9AAF27D1182AF96E00531E3A /* XCTest.framework */ = {isa = PBXFileReference; lastKnownFileType = wrapper.framework; name = XCTest.framework; path = Library/Frameworks/XCTest.framework; sourceTree = DEVELOPER_DIR; };
		9AAF27E7182AF97E00531E3A /* BLE.xcodeproj */ = {isa = PBXFileReference; lastKnownFileType = "wrapper.pb-project"; name = BLE.xcodeproj; path = ../Frameworks/BLE/BLE.xcodeproj; sourceTree = "<group>"; };
		9AAF27F9182AFB5800531E3A /* CoreBluetooth.framework */ = {isa = PBXFileReference; lastKnownFileType = wrapper.framework; name = CoreBluetooth.framework; path = System/Library/Frameworks/CoreBluetooth.framework; sourceTree = SDKROOT; };
		9AAF2851182BAE9800531E3A /* GMPI2CComponent.h */ = {isa = PBXFileReference; fileEncoding = 4; lastKnownFileType = sourcecode.c.h; path = GMPI2CComponent.h; sourceTree = "<group>"; };
		9AAF2852182BAE9800531E3A /* GMPI2CComponent.m */ = {isa = PBXFileReference; fileEncoding = 4; lastKnownFileType = sourcecode.c.objc; path = GMPI2CComponent.m; sourceTree = "<group>"; };
		9AAF2853182BAE9800531E3A /* GMPI2CRegister.h */ = {isa = PBXFileReference; fileEncoding = 4; lastKnownFileType = sourcecode.c.h; path = GMPI2CRegister.h; sourceTree = "<group>"; };
		9AAF2854182BAE9800531E3A /* GMPI2CRegister.m */ = {isa = PBXFileReference; fileEncoding = 4; lastKnownFileType = sourcecode.c.objc; path = GMPI2CRegister.m; sourceTree = "<group>"; };
/* End PBXFileReference section */

/* Begin PBXFrameworksBuildPhase section */
		9AAF27B2182AF96E00531E3A /* Frameworks */ = {
			isa = PBXFrameworksBuildPhase;
			buildActionMask = 2147483647;
			files = (
				9AAF27FA182AFB5800531E3A /* CoreBluetooth.framework in Frameworks */,
				9A2CAD47182C4664002AB9E8 /* libGMP.a in Frameworks */,
				9AAF27F8182AFB4B00531E3A /* libBLE.a in Frameworks */,
				9AAF27BB182AF96E00531E3A /* CoreGraphics.framework in Frameworks */,
				9AAF27BD182AF96E00531E3A /* UIKit.framework in Frameworks */,
				9AAF27B9182AF96E00531E3A /* Foundation.framework in Frameworks */,
			);
			runOnlyForDeploymentPostprocessing = 0;
		};
/* End PBXFrameworksBuildPhase section */

/* Begin PBXGroup section */
		9A2CAD3D182C4659002AB9E8 /* Products */ = {
			isa = PBXGroup;
			children = (
				9A2CAD42182C4659002AB9E8 /* libGMP.a */,
				9A2CAD44182C4659002AB9E8 /* GMPTests.xctest */,
			);
			name = Products;
			sourceTree = "<group>";
		};
		9A2CAE3B182CDC1B002AB9E8 /* resources */ = {
			isa = PBXGroup;
			children = (
				9A2CAE3C182CDC1B002AB9E8 /* arrowDown.png */,
				9A2CAE3D182CDC1B002AB9E8 /* arrowUp.png */,
				9A2CAE3E182CDC1B002AB9E8 /* optionsMenu.png */,
				9A2CAE3F182CDC1B002AB9E8 /* optionsMenu@2x.png */,
				9A2CAE40182CDC1B002AB9E8 /* pullDown.wav */,
				9A2CAE41182CDC1B002AB9E8 /* pullUp.wav */,
				9A2CAE42182CDC1B002AB9E8 /* Storyboard.storyboard */,
			);
			path = resources;
			sourceTree = "<group>";
		};
		9A2CAE67182CE860002AB9E8 /* src */ = {
			isa = PBXGroup;
			children = (
				9A2CAE68182CE860002AB9E8 /* GMPAppDelegate.h */,
				9A2CAE69182CE860002AB9E8 /* GMPAppDelegate.m */,
				9A2CAE76182CE860002AB9E8 /* GMPMainViewController.h */,
				9A2CAE77182CE860002AB9E8 /* GMPMainViewController.m */,
				9A2CAE6E182CE860002AB9E8 /* GMPDeviceMenuViewController.h */,
				9A2CAE6F182CE860002AB9E8 /* GMPDeviceMenuViewController.m */,
				9A2CAE7E182CE860002AB9E8 /* GMPViewController.h */,
				9A2CAE7F182CE860002AB9E8 /* GMPViewController.m */,
				9A2CAE7C182CE860002AB9E8 /* GMPPinsController.h */,
				9A2CAE7D182CE860002AB9E8 /* GMPPinsController.m */,
				9A2CAE6A182CE860002AB9E8 /* GMPBLECommunicationModule.h */,
				9A2CAE6B182CE860002AB9E8 /* GMPBLECommunicationModule.m */,
				9A2CAE6C182CE860002AB9E8 /* GMPDeviceCell.h */,
				9A2CAE6D182CE860002AB9E8 /* GMPDeviceCell.m */,
				9A2CAE70182CE860002AB9E8 /* GMPI2CComponentCell.h */,
				9A2CAE71182CE860002AB9E8 /* GMPI2CComponentCell.m */,
				9A2CAE72182CE860002AB9E8 /* GMPI2CComponentViewController.h */,
				9A2CAE73182CE860002AB9E8 /* GMPI2CComponentViewController.m */,
				9A2CAE74182CE860002AB9E8 /* GMPI2CRegisterViewController.h */,
				9A2CAE75182CE860002AB9E8 /* GMPI2CRegisterViewController.m */,
				9A2CAE78182CE860002AB9E8 /* GMPPin.h */,
				9A2CAE79182CE860002AB9E8 /* GMPPin.m */,
				9A2CAE7A182CE860002AB9E8 /* GMPPinCell.h */,
				9A2CAE7B182CE860002AB9E8 /* GMPPinCell.m */,
				9A2CAE80182CE860002AB9E8 /* util */,
			);
			name = src;
			path = iGMP/src;
			sourceTree = SOURCE_ROOT;
		};
		9A2CAE80182CE860002AB9E8 /* util */ = {
			isa = PBXGroup;
			children = (
				9A2CAE81182CE860002AB9E8 /* GMPConstants.h */,
				9A2CAE82182CE860002AB9E8 /* GMPConstants.m */,
				9A2CAE83182CE860002AB9E8 /* GMPHelper.h */,
				9A2CAE84182CE860002AB9E8 /* GMPHelper.m */,
			);
			path = util;
			sourceTree = "<group>";
		};
		9AAF27AC182AF96E00531E3A = {
			isa = PBXGroup;
			children = (
				9AAF27BE182AF96E00531E3A /* iGMP */,
				9AAF27B7182AF96E00531E3A /* Frameworks */,
				9AAF27B6182AF96E00531E3A /* Products */,
			);
			sourceTree = "<group>";
		};
		9AAF27B6182AF96E00531E3A /* Products */ = {
			isa = PBXGroup;
			children = (
				9AAF27B5182AF96E00531E3A /* iGMP.app */,
			);
			name = Products;
			sourceTree = "<group>";
		};
		9AAF27B7182AF96E00531E3A /* Frameworks */ = {
			isa = PBXGroup;
			children = (
				9AAF27E7182AF97E00531E3A /* BLE.xcodeproj */,
				9A2CAD3C182C4659002AB9E8 /* GMP.xcodeproj */,
				9AAF27F9182AFB5800531E3A /* CoreBluetooth.framework */,
				9AAF27B8182AF96E00531E3A /* Foundation.framework */,
				9AAF27BA182AF96E00531E3A /* CoreGraphics.framework */,
				9AAF27BC182AF96E00531E3A /* UIKit.framework */,
				9AAF27D1182AF96E00531E3A /* XCTest.framework */,
			);
			name = Frameworks;
			sourceTree = "<group>";
		};
		9AAF27BE182AF96E00531E3A /* iGMP */ = {
			isa = PBXGroup;
			children = (
				9AAF2850182BAE9800531E3A /* I2C */,
				9AAF27CA182AF96E00531E3A /* Images.xcassets */,
				9A2CAE3B182CDC1B002AB9E8 /* resources */,
				9AAF27BF182AF96E00531E3A /* Supporting Files */,
			);
			path = iGMP;
			sourceTree = "<group>";
		};
		9AAF27BF182AF96E00531E3A /* Supporting Files */ = {
			isa = PBXGroup;
			children = (
				9AAF27C0182AF96E00531E3A /* iGMP-Info.plist */,
				9AAF27C1182AF96E00531E3A /* InfoPlist.strings */,
				9AAF27C4182AF96E00531E3A /* main.m */,
				9AAF27C6182AF96E00531E3A /* iGMP-Prefix.pch */,
			);
			name = "Supporting Files";
			sourceTree = "<group>";
		};
		9AAF27E8182AF97E00531E3A /* Products */ = {
			isa = PBXGroup;
			children = (
				9AAF27EC182AF97E00531E3A /* libBLE.a */,
			);
			name = Products;
			sourceTree = "<group>";
		};
		9AAF2850182BAE9800531E3A /* I2C */ = {
			isa = PBXGroup;
			children = (
				9A2CAE67182CE860002AB9E8 /* src */,
				9AAF2851182BAE9800531E3A /* GMPI2CComponent.h */,
				9AAF2852182BAE9800531E3A /* GMPI2CComponent.m */,
				9AAF2853182BAE9800531E3A /* GMPI2CRegister.h */,
				9AAF2854182BAE9800531E3A /* GMPI2CRegister.m */,
			);
			path = I2C;
			sourceTree = "<group>";
		};
/* End PBXGroup section */

/* Begin PBXNativeTarget section */
		9AAF27B4182AF96E00531E3A /* iGMP */ = {
			isa = PBXNativeTarget;
			buildConfigurationList = 9AAF27E1182AF96E00531E3A /* Build configuration list for PBXNativeTarget "iGMP" */;
			buildPhases = (
				9AAF27B1182AF96E00531E3A /* Sources */,
				9AAF27B2182AF96E00531E3A /* Frameworks */,
				9AAF27B3182AF96E00531E3A /* Resources */,
			);
			buildRules = (
			);
			dependencies = (
				9A2CAD46182C4661002AB9E8 /* PBXTargetDependency */,
				9AAF27F7182AFB4800531E3A /* PBXTargetDependency */,
			);
			name = iGMP;
			productName = iGMP;
			productReference = 9AAF27B5182AF96E00531E3A /* iGMP.app */;
			productType = "com.apple.product-type.application";
		};
/* End PBXNativeTarget section */

/* Begin PBXProject section */
		9AAF27AD182AF96E00531E3A /* Project object */ = {
			isa = PBXProject;
			attributes = {
				CLASSPREFIX = GMP;
				LastUpgradeCheck = 0500;
				ORGANIZATIONNAME = "Technical University Munich";
			};
			buildConfigurationList = 9AAF27B0182AF96E00531E3A /* Build configuration list for PBXProject "iGMP" */;
			compatibilityVersion = "Xcode 3.2";
			developmentRegion = English;
			hasScannedForEncodings = 0;
			knownRegions = (
				en,
			);
			mainGroup = 9AAF27AC182AF96E00531E3A;
			productRefGroup = 9AAF27B6182AF96E00531E3A /* Products */;
			projectDirPath = "";
			projectReferences = (
				{
					ProductGroup = 9AAF27E8182AF97E00531E3A /* Products */;
					ProjectRef = 9AAF27E7182AF97E00531E3A /* BLE.xcodeproj */;
				},
				{
					ProductGroup = 9A2CAD3D182C4659002AB9E8 /* Products */;
					ProjectRef = 9A2CAD3C182C4659002AB9E8 /* GMP.xcodeproj */;
				},
			);
			projectRoot = "";
			targets = (
				9AAF27B4182AF96E00531E3A /* iGMP */,
			);
		};
/* End PBXProject section */

/* Begin PBXReferenceProxy section */
		9A2CAD42182C4659002AB9E8 /* libGMP.a */ = {
			isa = PBXReferenceProxy;
			fileType = archive.ar;
			path = libGMP.a;
			remoteRef = 9A2CAD41182C4659002AB9E8 /* PBXContainerItemProxy */;
			sourceTree = BUILT_PRODUCTS_DIR;
		};
		9A2CAD44182C4659002AB9E8 /* GMPTests.xctest */ = {
			isa = PBXReferenceProxy;
			fileType = wrapper.cfbundle;
			path = GMPTests.xctest;
			remoteRef = 9A2CAD43182C4659002AB9E8 /* PBXContainerItemProxy */;
			sourceTree = BUILT_PRODUCTS_DIR;
		};
		9AAF27EC182AF97E00531E3A /* libBLE.a */ = {
			isa = PBXReferenceProxy;
			fileType = archive.ar;
			path = libBLE.a;
			remoteRef = 9AAF27EB182AF97E00531E3A /* PBXContainerItemProxy */;
			sourceTree = BUILT_PRODUCTS_DIR;
		};
/* End PBXReferenceProxy section */

/* Begin PBXResourcesBuildPhase section */
		9AAF27B3182AF96E00531E3A /* Resources */ = {
			isa = PBXResourcesBuildPhase;
			buildActionMask = 2147483647;
			files = (
				9A2CAE48182CDC1B002AB9E8 /* pullUp.wav in Resources */,
				9A2CAE46182CDC1B002AB9E8 /* optionsMenu@2x.png in Resources */,
				9A2CAE49182CDC1B002AB9E8 /* Storyboard.storyboard in Resources */,
				9AAF27C3182AF96E00531E3A /* InfoPlist.strings in Resources */,
				9A2CAE47182CDC1B002AB9E8 /* pullDown.wav in Resources */,
				9A2CAE45182CDC1B002AB9E8 /* optionsMenu.png in Resources */,
				9AAF27CB182AF96E00531E3A /* Images.xcassets in Resources */,
				9A2CAE44182CDC1B002AB9E8 /* arrowUp.png in Resources */,
				9A2CAE43182CDC1B002AB9E8 /* arrowDown.png in Resources */,
			);
			runOnlyForDeploymentPostprocessing = 0;
		};
/* End PBXResourcesBuildPhase section */

/* Begin PBXSourcesBuildPhase section */
		9AAF27B1182AF96E00531E3A /* Sources */ = {
			isa = PBXSourcesBuildPhase;
			buildActionMask = 2147483647;
			files = (
				9A2CAE90182CE860002AB9E8 /* GMPViewController.m in Sources */,
				9A2CAE86182CE860002AB9E8 /* GMPBLECommunicationModule.m in Sources */,
				9A2CAE88182CE860002AB9E8 /* GMPDeviceMenuViewController.m in Sources */,
				9AAF2857182BAE9800531E3A /* GMPI2CComponent.m in Sources */,
				9A2CAE8B182CE860002AB9E8 /* GMPI2CRegisterViewController.m in Sources */,
				9A2CAE8F182CE860002AB9E8 /* GMPPinsController.m in Sources */,
				9A2CAE8C182CE860002AB9E8 /* GMPMainViewController.m in Sources */,
				9AAF2858182BAE9800531E3A /* GMPI2CRegister.m in Sources */,
				9A2CAE92182CE860002AB9E8 /* GMPHelper.m in Sources */,
				9A2CAE8D182CE860002AB9E8 /* GMPPin.m in Sources */,
				9A2CAE8E182CE860002AB9E8 /* GMPPinCell.m in Sources */,
				9A2CAE91182CE860002AB9E8 /* GMPConstants.m in Sources */,
				9A2CAE8A182CE860002AB9E8 /* GMPI2CComponentViewController.m in Sources */,
				9AAF27C5182AF96E00531E3A /* main.m in Sources */,
				9A2CAE89182CE860002AB9E8 /* GMPI2CComponentCell.m in Sources */,
				9A2CAE87182CE860002AB9E8 /* GMPDeviceCell.m in Sources */,
				9A2CAE85182CE860002AB9E8 /* GMPAppDelegate.m in Sources */,
			);
			runOnlyForDeploymentPostprocessing = 0;
		};
/* End PBXSourcesBuildPhase section */

/* Begin PBXTargetDependency section */
		9A2CAD46182C4661002AB9E8 /* PBXTargetDependency */ = {
			isa = PBXTargetDependency;
			name = GMP;
			targetProxy = 9A2CAD45182C4661002AB9E8 /* PBXContainerItemProxy */;
		};
		9AAF27F7182AFB4800531E3A /* PBXTargetDependency */ = {
			isa = PBXTargetDependency;
			name = BLE;
			targetProxy = 9AAF27F6182AFB4800531E3A /* PBXContainerItemProxy */;
		};
/* End PBXTargetDependency section */

/* Begin PBXVariantGroup section */
		9AAF27C1182AF96E00531E3A /* InfoPlist.strings */ = {
			isa = PBXVariantGroup;
			children = (
				9AAF27C2182AF96E00531E3A /* en */,
			);
			name = InfoPlist.strings;
			sourceTree = "<group>";
		};
/* End PBXVariantGroup section */

/* Begin XCBuildConfiguration section */
		9AAF27DF182AF96E00531E3A /* Debug */ = {
			isa = XCBuildConfiguration;
			buildSettings = {
				ALWAYS_SEARCH_USER_PATHS = NO;
				ARCHS = "$(ARCHS_STANDARD_INCLUDING_64_BIT)";
				CLANG_CXX_LANGUAGE_STANDARD = "gnu++0x";
				CLANG_CXX_LIBRARY = "libc++";
				CLANG_ENABLE_MODULES = YES;
				CLANG_ENABLE_OBJC_ARC = YES;
				CLANG_WARN_BOOL_CONVERSION = YES;
				CLANG_WARN_CONSTANT_CONVERSION = YES;
				CLANG_WARN_DIRECT_OBJC_ISA_USAGE = YES_ERROR;
				CLANG_WARN_EMPTY_BODY = YES;
				CLANG_WARN_ENUM_CONVERSION = YES;
				CLANG_WARN_INT_CONVERSION = YES;
				CLANG_WARN_OBJC_ROOT_CLASS = YES_ERROR;
				CLANG_WARN__DUPLICATE_METHOD_MATCH = YES;
				"CODE_SIGN_IDENTITY[sdk=iphoneos*]" = "iPhone Developer";
				COPY_PHASE_STRIP = NO;
				GCC_C_LANGUAGE_STANDARD = gnu99;
				GCC_DYNAMIC_NO_PIC = NO;
				GCC_OPTIMIZATION_LEVEL = 0;
				GCC_PREPROCESSOR_DEFINITIONS = (
					"DEBUG=1",
					"$(inherited)",
				);
				GCC_SYMBOLS_PRIVATE_EXTERN = NO;
				GCC_WARN_64_TO_32_BIT_CONVERSION = YES;
				GCC_WARN_ABOUT_RETURN_TYPE = YES_ERROR;
				GCC_WARN_UNDECLARED_SELECTOR = YES;
				GCC_WARN_UNINITIALIZED_AUTOS = YES;
				GCC_WARN_UNUSED_FUNCTION = YES;
				GCC_WARN_UNUSED_VARIABLE = YES;
				IPHONEOS_DEPLOYMENT_TARGET = 7.0;
				ONLY_ACTIVE_ARCH = YES;
				SDKROOT = iphoneos;
			};
			name = Debug;
		};
		9AAF27E0182AF96E00531E3A /* Release */ = {
			isa = XCBuildConfiguration;
			buildSettings = {
				ALWAYS_SEARCH_USER_PATHS = NO;
				ARCHS = "$(ARCHS_STANDARD_INCLUDING_64_BIT)";
				CLANG_CXX_LANGUAGE_STANDARD = "gnu++0x";
				CLANG_CXX_LIBRARY = "libc++";
				CLANG_ENABLE_MODULES = YES;
				CLANG_ENABLE_OBJC_ARC = YES;
				CLANG_WARN_BOOL_CONVERSION = YES;
				CLANG_WARN_CONSTANT_CONVERSION = YES;
				CLANG_WARN_DIRECT_OBJC_ISA_USAGE = YES_ERROR;
				CLANG_WARN_EMPTY_BODY = YES;
				CLANG_WARN_ENUM_CONVERSION = YES;
				CLANG_WARN_INT_CONVERSION = YES;
				CLANG_WARN_OBJC_ROOT_CLASS = YES_ERROR;
				CLANG_WARN__DUPLICATE_METHOD_MATCH = YES;
				"CODE_SIGN_IDENTITY[sdk=iphoneos*]" = "iPhone Developer";
				COPY_PHASE_STRIP = YES;
				ENABLE_NS_ASSERTIONS = NO;
				GCC_C_LANGUAGE_STANDARD = gnu99;
				GCC_WARN_64_TO_32_BIT_CONVERSION = YES;
				GCC_WARN_ABOUT_RETURN_TYPE = YES_ERROR;
				GCC_WARN_UNDECLARED_SELECTOR = YES;
				GCC_WARN_UNINITIALIZED_AUTOS = YES;
				GCC_WARN_UNUSED_FUNCTION = YES;
				GCC_WARN_UNUSED_VARIABLE = YES;
				IPHONEOS_DEPLOYMENT_TARGET = 7.0;
				SDKROOT = iphoneos;
				VALIDATE_PRODUCT = YES;
			};
			name = Release;
		};
		9AAF27E2182AF96E00531E3A /* Debug */ = {
			isa = XCBuildConfiguration;
			buildSettings = {
				ASSETCATALOG_COMPILER_APPICON_NAME = AppIcon;
				ASSETCATALOG_COMPILER_LAUNCHIMAGE_NAME = LaunchImage;
				GCC_PRECOMPILE_PREFIX_HEADER = YES;
				GCC_PREFIX_HEADER = "iGMP/iGMP-Prefix.pch";
				INFOPLIST_FILE = "iGMP/iGMP-Info.plist";
				PRODUCT_NAME = "$(TARGET_NAME)";
				USER_HEADER_SEARCH_PATHS = "../Frameworks/BLE/** ../Frameworks/GMP/**";
				WRAPPER_EXTENSION = app;
			};
			name = Debug;
		};
		9AAF27E3182AF96E00531E3A /* Release */ = {
			isa = XCBuildConfiguration;
			buildSettings = {
				ASSETCATALOG_COMPILER_APPICON_NAME = AppIcon;
				ASSETCATALOG_COMPILER_LAUNCHIMAGE_NAME = LaunchImage;
				GCC_PRECOMPILE_PREFIX_HEADER = YES;
				GCC_PREFIX_HEADER = "iGMP/iGMP-Prefix.pch";
				INFOPLIST_FILE = "iGMP/iGMP-Info.plist";
				PRODUCT_NAME = "$(TARGET_NAME)";
				USER_HEADER_SEARCH_PATHS = "../Frameworks/BLE/** ../Frameworks/GMP/**";
				WRAPPER_EXTENSION = app;
			};
			name = Release;
		};
/* End XCBuildConfiguration section */

/* Begin XCConfigurationList section */
		9AAF27B0182AF96E00531E3A /* Build configuration list for PBXProject "iGMP" */ = {
			isa = XCConfigurationList;
			buildConfigurations = (
				9AAF27DF182AF96E00531E3A /* Debug */,
				9AAF27E0182AF96E00531E3A /* Release */,
			);
			defaultConfigurationIsVisible = 0;
			defaultConfigurationName = Release;
		};
		9AAF27E1182AF96E00531E3A /* Build configuration list for PBXNativeTarget "iGMP" */ = {
			isa = XCConfigurationList;
			buildConfigurations = (
				9AAF27E2182AF96E00531E3A /* Debug */,
				9AAF27E3182AF96E00531E3A /* Release */,
			);
			defaultConfigurationIsVisible = 0;
			defaultConfigurationName = Release;
		};
/* End XCConfigurationList section */
	};
	rootObject = 9AAF27AD182AF96E00531E3A /* Project object */;
}
